
Microsoft Visual Studio Solution File, Format Version 12.00
# Visual Studio Version 16
VisualStudioVersion = 16.0.31005.135
MinimumVisualStudioVersion = 10.0.40219.1
Project("{FAE04EC0-301F-11D3-BF4B-00C04F79EFBC}") = "WPFOefening4Account", "WPFOefening4Account\WPFOefening4Account.csproj", "{294837FB-7376-4E2F-998E-FF094D671EAE}"
EndProject
Global
	GlobalSection(SolutionConfigurationPlatforms) = preSolution
		Debug|Any CPU = Debug|Any CPU
		Release|Any CPU = Release|Any CPU
	EndGlobalSection
	GlobalSection(ProjectConfigurationPlatforms) = postSolution
		{294837FB-7376-4E2F-998E-FF094D671EAE}.Debug|Any CPU.ActiveCfg = Debug|Any CPU
		{294837FB-7376-4E2F-998E-FF094D671EAE}.Debug|Any CPU.Build.0 = Debug|Any CPU
		{294837FB-7376-4E2F-998E-FF094D671EAE}.Release|Any CPU.ActiveCfg = Release|Any CPU
		{294837FB-7376-4E2F-998E-FF094D671EAE}.Release|Any CPU.Build.0 = Release|Any CPU
	EndGlobalSection
	GlobalSection(SolutionProperties) = preSolution
		HideSolutionNode = FALSE
	EndGlobalSection
	GlobalSection(ExtensibilityGlobals) = postSolution
		SolutionGuid = {1E5CD622-8F46-4C31-BE1C-064D5601DF1F}
	EndGlobalSection
EndGlobal
